
Microsoft Visual Studio Solution File, Format Version 12.00
# Visual Studio Version 16
VisualStudioVersion = 16.0.31410.357
MinimumVisualStudioVersion = 10.0.40219.1
Project("{FAE04EC0-301F-11D3-BF4B-00C04F79EFBC}") = "App1.UWP", "App1\App1.UWP\App1.UWP.csproj", "{C3951FE4-B907-4C89-89BE-FD0A5E1F5D40}"
EndProject
Project("{FAE04EC0-301F-11D3-BF4B-00C04F79EFBC}") = "App1.Android", "App1\App1.Android\App1.Android.csproj", "{01FFE55C-2C66-491A-9369-8F6A3CA60345}"
EndProject
Project("{FAE04EC0-301F-11D3-BF4B-00C04F79EFBC}") = "App1.iOS", "App1\App1.iOS\App1.iOS.csproj", "{520EEFD7-B86B-48FD-B849-9BBB3CB15299}"
EndProject
Project("{FAE04EC0-301F-11D3-BF4B-00C04F79EFBC}") = "App1", "App1\App1\App1.csproj", "{EBFD5254-5A5A-4CE7-AC6C-BF42544CC15D}"
EndProject
Global
	GlobalSection(SolutionConfigurationPlatforms) = preSolution
		Debug|Any CPU = Debug|Any CPU
		Debug|ARM = Debug|ARM
		Debug|iPhone = Debug|iPhone
		Debug|iPhoneSimulator = Debug|iPhoneSimulator
		Debug|x64 = Debug|x64
		Debug|x86 = Debug|x86
		Release|Any CPU = Release|Any CPU
		Release|ARM = Release|ARM
		Release|iPhone = Release|iPhone
		Release|iPhoneSimulator = Release|iPhoneSimulator
		Release|x64 = Release|x64
		Release|x86 = Release|x86
	EndGlobalSection
	GlobalSection(ProjectConfigurationPlatforms) = postSolution
		{C3951FE4-B907-4C89-89BE-FD0A5E1F5D40}.Debug|Any CPU.ActiveCfg = Debug|x86
		{C3951FE4-B907-4C89-89BE-FD0A5E1F5D40}.Debug|Any CPU.Build.0 = Debug|x86
		{C3951FE4-B907-4C89-89BE-FD0A5E1F5D40}.Debug|Any CPU.Deploy.0 = Debug|x86
		{C3951FE4-B907-4C89-89BE-FD0A5E1F5D40}.Debug|ARM.ActiveCfg = Debug|ARM
		{C3951FE4-B907-4C89-89BE-FD0A5E1F5D40}.Debug|ARM.Build.0 = Debug|ARM
		{C3951FE4-B907-4C89-89BE-FD0A5E1F5D40}.Debug|ARM.Deploy.0 = Debug|ARM
		{C3951FE4-B907-4C89-89BE-FD0A5E1F5D40}.Debug|iPhone.ActiveCfg = Debug|x86
		{C3951FE4-B907-4C89-89BE-FD0A5E1F5D40}.Debug|iPhone.Build.0 = Debug|x86
		{C3951FE4-B907-4C89-89BE-FD0A5E1F5D40}.Debug|iPhone.Deploy.0 = Debug|x86
		{C3951FE4-B907-4C89-89BE-FD0A5E1F5D40}.Debug|iPhoneSimulator.ActiveCfg = Debug|x86
		{C3951FE4-B907-4C89-89BE-FD0A5E1F5D40}.Debug|iPhoneSimulator.Build.0 = Debug|x86
		{C3951FE4-B907-4C89-89BE-FD0A5E1F5D40}.Debug|iPhoneSimulator.Deploy.0 = Debug|x86
		{C3951FE4-B907-4C89-89BE-FD0A5E1F5D40}.Debug|x64.ActiveCfg = Debug|x64
		{C3951FE4-B907-4C89-89BE-FD0A5E1F5D40}.Debug|x64.Build.0 = Debug|x64
		{C3951FE4-B907-4C89-89BE-FD0A5E1F5D40}.Debug|x64.Deploy.0 = Debug|x64
		{C3951FE4-B907-4C89-89BE-FD0A5E1F5D40}.Debug|x86.ActiveCfg = Debug|x86
		{C3951FE4-B907-4C89-89BE-FD0A5E1F5D40}.Debug|x86.Build.0 = Debug|x86
		{C3951FE4-B907-4C89-89BE-FD0A5E1F5D40}.Debug|x86.Deploy.0 = Debug|x86
		{C3951FE4-B907-4C89-89BE-FD0A5E1F5D40}.Release|Any CPU.ActiveCfg = Release|x86
		{C3951FE4-B907-4C89-89BE-FD0A5E1F5D40}.Release|Any CPU.Build.0 = Release|x86
		{C3951FE4-B907-4C89-89BE-FD0A5E1F5D40}.Release|Any CPU.Deploy.0 = Release|x86
		{C3951FE4-B907-4C89-89BE-FD0A5E1F5D40}.Release|ARM.ActiveCfg = Release|ARM
		{C3951FE4-B907-4C89-89BE-FD0A5E1F5D40}.Release|ARM.Build.0 = Release|ARM
		{C3951FE4-B907-4C89-89BE-FD0A5E1F5D40}.Release|ARM.Deploy.0 = Release|ARM
		{C3951FE4-B907-4C89-89BE-FD0A5E1F5D40}.Release|iPhone.ActiveCfg = Release|x86
		{C3951FE4-B907-4C89-89BE-FD0A5E1F5D40}.Release|iPhone.Build.0 = Release|x86
		{C3951FE4-B907-4C89-89BE-FD0A5E1F5D40}.Release|iPhone.Deploy.0 = Release|x86
		{C3951FE4-B907-4C89-89BE-FD0A5E1F5D40}.Release|iPhoneSimulator.ActiveCfg = Release|x86
		{C3951FE4-B907-4C89-89BE-FD0A5E1F5D40}.Release|iPhoneSimulator.Build.0 = Release|x86
		{C3951FE4-B907-4C89-89BE-FD0A5E1F5D40}.Release|iPhoneSimulator.Deploy.0 = Release|x86
		{C3951FE4-B907-4C89-89BE-FD0A5E1F5D40}.Release|x64.ActiveCfg = Release|x64
		{C3951FE4-B907-4C89-89BE-FD0A5E1F5D40}.Release|x64.Build.0 = Release|x64
		{C3951FE4-B907-4C89-89BE-FD0A5E1F5D40}.Release|x64.Deploy.0 = Release|x64
		{C3951FE4-B907-4C89-89BE-FD0A5E1F5D40}.Release|x86.ActiveCfg = Release|x86
		{C3951FE4-B907-4C89-89BE-FD0A5E1F5D40}.Release|x86.Build.0 = Release|x86
		{C3951FE4-B907-4C89-89BE-FD0A5E1F5D40}.Release|x86.Deploy.0 = Release|x86
		{01FFE55C-2C66-491A-9369-8F6A3CA60345}.Debug|Any CPU.ActiveCfg = Debug|Any CPU
		{01FFE55C-2C66-491A-9369-8F6A3CA60345}.Debug|Any CPU.Build.0 = Debug|Any CPU
		{01FFE55C-2C66-491A-9369-8F6A3CA60345}.Debug|Any CPU.Deploy.0 = Debug|Any CPU
		{01FFE55C-2C66-491A-9369-8F6A3CA60345}.Debug|ARM.ActiveCfg = Debug|Any CPU
		{01FFE55C-2C66-491A-9369-8F6A3CA60345}.Debug|ARM.Build.0 = Debug|Any CPU
		{01FFE55C-2C66-491A-9369-8F6A3CA60345}.Debug|ARM.Deploy.0 = Debug|Any CPU
		{01FFE55C-2C66-491A-9369-8F6A3CA60345}.Debug|iPhone.ActiveCfg = Debug|Any CPU
		{01FFE55C-2C66-491A-9369-8F6A3CA60345}.Debug|iPhone.Build.0 = Debug|Any CPU
		{01FFE55C-2C66-491A-9369-8F6A3CA60345}.Debug|iPhone.Deploy.0 = Debug|Any CPU
		{01FFE55C-2C66-491A-9369-8F6A3CA60345}.Debug|iPhoneSimulator.ActiveCfg = Debug|Any CPU
		{01FFE55C-2C66-491A-9369-8F6A3CA60345}.Debug|iPhoneSimulator.Build.0 = Debug|Any CPU
		{01FFE55C-2C66-491A-9369-8F6A3CA60345}.Debug|iPhoneSimulator.Deploy.0 = Debug|Any CPU
		{01FFE55C-2C66-491A-9369-8F6A3CA60345}.Debug|x64.ActiveCfg = Debug|Any CPU
		{01FFE55C-2C66-491A-9369-8F6A3CA60345}.Debug|x64.Build.0 = Debug|Any CPU
		{01FFE55C-2C66-491A-9369-8F6A3CA60345}.Debug|x64.Deploy.0 = Debug|Any CPU
		{01FFE55C-2C66-491A-9369-8F6A3CA60345}.Debug|x86.ActiveCfg = Debug|Any CPU
		{01FFE55C-2C66-491A-9369-8F6A3CA60345}.Debug|x86.Build.0 = Debug|Any CPU
		{01FFE55C-2C66-491A-9369-8F6A3CA60345}.Debug|x86.Deploy.0 = Debug|Any CPU
		{01FFE55C-2C66-491A-9369-8F6A3CA60345}.Release|Any CPU.ActiveCfg = Release|Any CPU
		{01FFE55C-2C66-491A-9369-8F6A3CA60345}.Release|Any CPU.Build.0 = Release|Any CPU
		{01FFE55C-2C66-491A-9369-8F6A3CA60345}.Release|Any CPU.Deploy.0 = Release|Any CPU
		{01FFE55C-2C66-491A-9369-8F6A3CA60345}.Release|ARM.ActiveCfg = Release|Any CPU
		{01FFE55C-2C66-491A-9369-8F6A3CA60345}.Release|ARM.Build.0 = Release|Any CPU
		{01FFE55C-2C66-491A-9369-8F6A3CA60345}.Release|ARM.Deploy.0 = Release|Any CPU
		{01FFE55C-2C66-491A-9369-8F6A3CA60345}.Release|iPhone.ActiveCfg = Release|Any CPU
		{01FFE55C-2C66-491A-9369-8F6A3CA60345}.Release|iPhone.Build.0 = Release|Any CPU
		{01FFE55C-2C66-491A-9369-8F6A3CA60345}.Release|iPhone.Deploy.0 = Release|Any CPU
		{01FFE55C-2C66-491A-9369-8F6A3CA60345}.Release|iPhoneSimulator.ActiveCfg = Release|Any CPU
		{01FFE55C-2C66-491A-9369-8F6A3CA60345}.Release|iPhoneSimulator.Build.0 = Release|Any CPU
		{01FFE55C-2C66-491A-9369-8F6A3CA60345}.Release|iPhoneSimulator.Deploy.0 = Release|Any CPU
		{01FFE55C-2C66-491A-9369-8F6A3CA60345}.Release|x64.ActiveCfg = Release|Any CPU
		{01FFE55C-2C66-491A-9369-8F6A3CA60345}.Release|x64.Build.0 = Release|Any CPU
		{01FFE55C-2C66-491A-9369-8F6A3CA60345}.Release|x64.Deploy.0 = Release|Any CPU
		{01FFE55C-2C66-491A-9369-8F6A3CA60345}.Release|x86.ActiveCfg = Release|Any CPU
		{01FFE55C-2C66-491A-9369-8F6A3CA60345}.Release|x86.Build.0 = Release|Any CPU
		{01FFE55C-2C66-491A-9369-8F6A3CA60345}.Release|x86.Deploy.0 = Release|Any CPU
		{520EEFD7-B86B-48FD-B849-9BBB3CB15299}.Debug|Any CPU.ActiveCfg = Debug|iPhoneSimulator
		{520EEFD7-B86B-48FD-B849-9BBB3CB15299}.Debug|Any CPU.Build.0 = Debug|iPhoneSimulator
		{520EEFD7-B86B-48FD-B849-9BBB3CB15299}.Debug|Any CPU.Deploy.0 = Debug|iPhoneSimulator
		{520EEFD7-B86B-48FD-B849-9BBB3CB15299}.Debug|ARM.ActiveCfg = Debug|iPhone
		{520EEFD7-B86B-48FD-B849-9BBB3CB15299}.Debug|ARM.Build.0 = Debug|iPhone
		{520EEFD7-B86B-48FD-B849-9BBB3CB15299}.Debug|ARM.Deploy.0 = Debug|iPhone
		{520EEFD7-B86B-48FD-B849-9BBB3CB15299}.Debug|iPhone.ActiveCfg = Debug|iPhone
		{520EEFD7-B86B-48FD-B849-9BBB3CB15299}.Debug|iPhone.Build.0 = Debug|iPhone
		{520EEFD7-B86B-48FD-B849-9BBB3CB15299}.Debug|iPhone.Deploy.0 = Debug|iPhone
		{520EEFD7-B86B-48FD-B849-9BBB3CB15299}.Debug|iPhoneSimulator.ActiveCfg = Debug|iPhoneSimulator
		{520EEFD7-B86B-48FD-B849-9BBB3CB15299}.Debug|iPhoneSimulator.Build.0 = Debug|iPhoneSimulator
		{520EEFD7-B86B-48FD-B849-9BBB3CB15299}.Debug|iPhoneSimulator.Deploy.0 = Debug|iPhoneSimulator
		{520EEFD7-B86B-48FD-B849-9BBB3CB15299}.Debug|x64.ActiveCfg = Debug|iPhoneSimulator
		{520EEFD7-B86B-48FD-B849-9BBB3CB15299}.Debug|x64.Build.0 = Debug|iPhoneSimulator
		{520EEFD7-B86B-48FD-B849-9BBB3CB15299}.Debug|x64.Deploy.0 = Debug|iPhoneSimulator
		{520EEFD7-B86B-48FD-B849-9BBB3CB15299}.Debug|x86.ActiveCfg = Debug|iPhoneSimulator
		{520EEFD7-B86B-48FD-B849-9BBB3CB15299}.Debug|x86.Build.0 = Debug|iPhoneSimulator
		{520EEFD7-B86B-48FD-B849-9BBB3CB15299}.Debug|x86.Deploy.0 = Debug|iPhoneSimulator
		{520EEFD7-B86B-48FD-B849-9BBB3CB15299}.Release|Any CPU.ActiveCfg = Release|iPhoneSimulator
		{520EEFD7-B86B-48FD-B849-9BBB3CB15299}.Release|Any CPU.Build.0 = Release|iPhoneSimulator
		{520EEFD7-B86B-48FD-B849-9BBB3CB15299}.Release|Any CPU.Deploy.0 = Release|iPhoneSimulator
		{520EEFD7-B86B-48FD-B849-9BBB3CB15299}.Release|ARM.ActiveCfg = Release|iPhoneSimulator
		{520EEFD7-B86B-48FD-B849-9BBB3CB15299}.Release|ARM.Build.0 = Release|iPhoneSimulator
		{520EEFD7-B86B-48FD-B849-9BBB3CB15299}.Release|ARM.Deploy.0 = Release|iPhoneSimulator
		{520EEFD7-B86B-48FD-B849-9BBB3CB15299}.Release|iPhone.ActiveCfg = Release|iPhone
		{520EEFD7-B86B-48FD-B849-9BBB3CB15299}.Release|iPhone.Build.0 = Release|iPhone
		{520EEFD7-B86B-48FD-B849-9BBB3CB15299}.Release|iPhone.Deploy.0 = Release|iPhone
		{520EEFD7-B86B-48FD-B849-9BBB3CB15299}.Release|iPhoneSimulator.ActiveCfg = Release|iPhoneSimulator
		{520EEFD7-B86B-48FD-B849-9BBB3CB15299}.Release|iPhoneSimulator.Build.0 = Release|iPhoneSimulator
		{520EEFD7-B86B-48FD-B849-9BBB3CB15299}.Release|iPhoneSimulator.Deploy.0 = Release|iPhoneSimulator
		{520EEFD7-B86B-48FD-B849-9BBB3CB15299}.Release|x64.ActiveCfg = Release|iPhoneSimulator
		{520EEFD7-B86B-48FD-B849-9BBB3CB15299}.Release|x64.Build.0 = Release|iPhoneSimulator
		{520EEFD7-B86B-48FD-B849-9BBB3CB15299}.Release|x64.Deploy.0 = Release|iPhoneSimulator
		{520EEFD7-B86B-48FD-B849-9BBB3CB15299}.Release|x86.ActiveCfg = Release|iPhoneSimulator
		{520EEFD7-B86B-48FD-B849-9BBB3CB15299}.Release|x86.Build.0 = Release|iPhoneSimulator
		{520EEFD7-B86B-48FD-B849-9BBB3CB15299}.Release|x86.Deploy.0 = Release|iPhoneSimulator
		{EBFD5254-5A5A-4CE7-AC6C-BF42544CC15D}.Debug|Any CPU.ActiveCfg = Debug|Any CPU
		{EBFD5254-5A5A-4CE7-AC6C-BF42544CC15D}.Debug|Any CPU.Build.0 = Debug|Any CPU
		{EBFD5254-5A5A-4CE7-AC6C-BF42544CC15D}.Debug|Any CPU.Deploy.0 = Debug|Any CPU
		{EBFD5254-5A5A-4CE7-AC6C-BF42544CC15D}.Debug|ARM.ActiveCfg = Debug|Any CPU
		{EBFD5254-5A5A-4CE7-AC6C-BF42544CC15D}.Debug|ARM.Build.0 = Debug|Any CPU
		{EBFD5254-5A5A-4CE7-AC6C-BF42544CC15D}.Debug|ARM.Deploy.0 = Debug|Any CPU
		{EBFD5254-5A5A-4CE7-AC6C-BF42544CC15D}.Debug|iPhone.ActiveCfg = Debug|Any CPU
		{EBFD5254-5A5A-4CE7-AC6C-BF42544CC15D}.Debug|iPhone.Build.0 = Debug|Any CPU
		{EBFD5254-5A5A-4CE7-AC6C-BF42544CC15D}.Debug|iPhone.Deploy.0 = Debug|Any CPU
		{EBFD5254-5A5A-4CE7-AC6C-BF42544CC15D}.Debug|iPhoneSimulator.ActiveCfg = Debug|Any CPU
		{EBFD5254-5A5A-4CE7-AC6C-BF42544CC15D}.Debug|iPhoneSimulator.Build.0 = Debug|Any CPU
		{EBFD5254-5A5A-4CE7-AC6C-BF42544CC15D}.Debug|iPhoneSimulator.Deploy.0 = Debug|Any CPU
		{EBFD5254-5A5A-4CE7-AC6C-BF42544CC15D}.Debug|x64.ActiveCfg = Debug|Any CPU
		{EBFD5254-5A5A-4CE7-AC6C-BF42544CC15D}.Debug|x64.Build.0 = Debug|Any CPU
		{EBFD5254-5A5A-4CE7-AC6C-BF42544CC15D}.Debug|x64.Deploy.0 = Debug|Any CPU
		{EBFD5254-5A5A-4CE7-AC6C-BF42544CC15D}.Debug|x86.ActiveCfg = Debug|Any CPU
		{EBFD5254-5A5A-4CE7-AC6C-BF42544CC15D}.Debug|x86.Build.0 = Debug|Any CPU
		{EBFD5254-5A5A-4CE7-AC6C-BF42544CC15D}.Debug|x86.Deploy.0 = Debug|Any CPU
		{EBFD5254-5A5A-4CE7-AC6C-BF42544CC15D}.Release|Any CPU.ActiveCfg = Release|Any CPU
		{EBFD5254-5A5A-4CE7-AC6C-BF42544CC15D}.Release|Any CPU.Build.0 = Release|Any CPU
		{EBFD5254-5A5A-4CE7-AC6C-BF42544CC15D}.Release|Any CPU.Deploy.0 = Release|Any CPU
		{EBFD5254-5A5A-4CE7-AC6C-BF42544CC15D}.Release|ARM.ActiveCfg = Release|Any CPU
		{EBFD5254-5A5A-4CE7-AC6C-BF42544CC15D}.Release|ARM.Build.0 = Release|Any CPU
		{EBFD5254-5A5A-4CE7-AC6C-BF42544CC15D}.Release|ARM.Deploy.0 = Release|Any CPU
		{EBFD5254-5A5A-4CE7-AC6C-BF42544CC15D}.Release|iPhone.ActiveCfg = Release|Any CPU
		{EBFD5254-5A5A-4CE7-AC6C-BF42544CC15D}.Release|iPhone.Build.0 = Release|Any CPU
		{EBFD5254-5A5A-4CE7-AC6C-BF42544CC15D}.Release|iPhone.Deploy.0 = Release|Any CPU
		{EBFD5254-5A5A-4CE7-AC6C-BF42544CC15D}.Release|iPhoneSimulator.ActiveCfg = Release|Any CPU
		{EBFD5254-5A5A-4CE7-AC6C-BF42544CC15D}.Release|iPhoneSimulator.Build.0 = Release|Any CPU
		{EBFD5254-5A5A-4CE7-AC6C-BF42544CC15D}.Release|iPhoneSimulator.Deploy.0 = Release|Any CPU
		{EBFD5254-5A5A-4CE7-AC6C-BF42544CC15D}.Release|x64.ActiveCfg = Release|Any CPU
		{EBFD5254-5A5A-4CE7-AC6C-BF42544CC15D}.Release|x64.Build.0 = Release|Any CPU
		{EBFD5254-5A5A-4CE7-AC6C-BF42544CC15D}.Release|x64.Deploy.0 = Release|Any CPU
		{EBFD5254-5A5A-4CE7-AC6C-BF42544CC15D}.Release|x86.ActiveCfg = Release|Any CPU
		{EBFD5254-5A5A-4CE7-AC6C-BF42544CC15D}.Release|x86.Build.0 = Release|Any CPU
		{EBFD5254-5A5A-4CE7-AC6C-BF42544CC15D}.Release|x86.Deploy.0 = Release|Any CPU
	EndGlobalSection
	GlobalSection(SolutionProperties) = preSolution
		HideSolutionNode = FALSE
	EndGlobalSection
	GlobalSection(ExtensibilityGlobals) = postSolution
		SolutionGuid = {E4C03E07-8B6F-45F3-965E-02A27919A0C3}
	EndGlobalSection
EndGlobal
